
Microsoft Visual Studio Solution File, Format Version 12.00
# Visual Studio Version 16
VisualStudioVersion = 16.0.30413.136
MinimumVisualStudioVersion = 10.0.40219.1
Project("{888888A0-9F3D-457C-B088-3A5042F75D52}") = "zachet", "zachet.pyproj", "{0757DBAC-7171-42BE-BFF3-E44243179AB0}"
EndProject
Global
	GlobalSection(SolutionConfigurationPlatforms) = preSolution
		Debug|Any CPU = Debug|Any CPU
		Release|Any CPU = Release|Any CPU
	EndGlobalSection
	GlobalSection(ProjectConfigurationPlatforms) = postSolution
		{0757DBAC-7171-42BE-BFF3-E44243179AB0}.Debug|Any CPU.ActiveCfg = Debug|Any CPU
		{0757DBAC-7171-42BE-BFF3-E44243179AB0}.Release|Any CPU.ActiveCfg = Release|Any CPU
	EndGlobalSection
	GlobalSection(SolutionProperties) = preSolution
		HideSolutionNode = FALSE
	EndGlobalSection
	GlobalSection(ExtensibilityGlobals) = postSolution
		SolutionGuid = {1E94280D-652B-4ABB-ABCB-5FE3C836A227}
	EndGlobalSection
EndGlobal
